lockfileVersion: '9.0'

settings:
  autoInstallPeers: true
  excludeLinksFromLockfile: false

importers:

  .:
    dependencies:
      mapbox-gl:
        specifier: ^3.20.0
        version: 3.20.0
      sonner:
        specifier: ^2.0.7
        version: 2.0.7(react-dom@19.2.4(react@19.2.4))(react@19.2.4)

packages:

  '@mapbox/jsonlint-lines-primitives@2.0.2':
    resolution: {integrity: sha512-rY0o9A5ECsTQRVhv7tL/OyDpGAoUB4tTvLiW1DSzQGq4bvTPhNw1VpSNjDJc5GFZ2XuyOtSWSVN05qOtcD71qQ==}
    engines: {node: '>= 0.6'}

  '@mapbox/mapbox-gl-supported@3.0.0':
    resolution: {integrity: sha512-2XghOwu16ZwPJLOFVuIOaLbN0iKMn867evzXFyf0P22dqugezfJwLmdanAgU25ITvz1TvOfVP4jsDImlDJzcWg==}

  '@mapbox/point-geometry@1.1.0':
    resolution: {integrity: sha512-YGcBz1cg4ATXDCM/71L9xveh4dynfGmcLDqufR+nQQy3fKwsAZsWd/x4621/6uJaeB9mwOHE6hPeDgXz9uViUQ==}

  '@mapbox/tiny-sdf@2.0.7':
    resolution: {integrity: sha512-25gQLQMcpivjOSA40g3gO6qgiFPDpWRoMfd+G/GoppPIeP6JDaMMkMrEJnMZhKyyS6iKwVt5YKu02vCUyJM3Ug==}

  '@mapbox/unitbezier@0.0.1':
    resolution: {integrity: sha512-nMkuDXFv60aBr9soUG5q+GvZYL+2KZHVvsqFCzqnkGEf46U2fvmytHaEVc1/YZbiLn8X+eR3QzX1+dwDO1lxlw==}

  '@mapbox/vector-tile@2.0.4':
    resolution: {integrity: sha512-AkOLcbgGTdXScosBWwmmD7cDlvOjkg/DetGva26pIRiZPdeJYjYKarIlb4uxVzi6bwHO6EWH82eZ5Nuv4T5DUg==}

  '@types/geojson-vt@3.2.5':
    resolution: {integrity: sha512-qDO7wqtprzlpe8FfQ//ClPV9xiuoh2nkIgiouIptON9w5jvD/fA4szvP9GBlDVdJ5dldAl0kX/sy3URbWwLx0g==}

  '@types/geojson@7946.0.16':
    resolution: {integrity: sha512-6C8nqWur3j98U6+lXDfTUWIfgvZU+EumvpHKcYjujKH7woYyLj2sUmff0tRhrqM7BohUw7Pz3ZB1jj2gW9Fvmg==}

  '@types/pbf@3.0.5':
    resolution: {integrity: sha512-j3pOPiEcWZ34R6a6mN07mUkM4o4Lwf6hPNt8eilOeZhTFbxFXmKhvXl9Y28jotFPaI1bpPDJsbCprUoNke6OrA==}

  '@types/supercluster@7.1.3':
    resolution: {integrity: sha512-Z0pOY34GDFl3Q6hUFYf3HkTwKEE02e7QgtJppBt+beEAxnyOpJua+voGFvxINBHa06GwLFFym7gRPY2SiKIfIA==}

  cheap-ruler@4.0.0:
    resolution: {integrity: sha512-0BJa8f4t141BYKQyn9NSQt1PguFQXMXwZiA5shfoaBYHAb2fFk2RAX+tiWMoQU+Agtzt3mdt0JtuyshAXqZ+Vw==}

  csscolorparser@1.0.3:
    resolution: {integrity: sha512-umPSgYwZkdFoUrH5hIq5kf0wPSXiro51nPw0j2K/c83KflkPSTBGMz6NJvMB+07VlL0y7VPo6QJcDjcgKTTm3w==}

  earcut@3.0.2:
    resolution: {integrity: sha512-X7hshQbLyMJ/3RPhyObLARM2sNxxmRALLKx1+NVFFnQ9gKzmCrxm9+uLIAdBcvc8FNLpctqlQ2V6AE92Ol9UDQ==}

  geojson-vt@4.0.2:
    resolution: {integrity: sha512-AV9ROqlNqoZEIJGfm1ncNjEXfkz2hdFlZf0qkVfmkwdKa8vj7H16YUOT81rJw1rdFhyEDlN2Tds91p/glzbl5A==}

  gl-matrix@3.4.4:
    resolution: {integrity: sha512-latSnyDNt/8zYUB6VIJ6PCh2jBjJX6gnDsoCZ7LyW7GkqrD51EWwa9qCoGixj8YqBtETQK/xY7OmpTF8xz1DdQ==}

  grid-index@1.1.0:
    resolution: {integrity: sha512-HZRwumpOGUrHyxO5bqKZL0B0GlUpwtCAzZ42sgxUPniu33R1LSFH5yrIcBCHjkctCAh3mtWKcKd9J4vDDdeVHA==}

  kdbush@4.0.2:
    resolution: {integrity: sha512-WbCVYJ27Sz8zi9Q7Q0xHC+05iwkm3Znipc2XTlrnJbsHMYktW4hPhXUE8Ys1engBrvffoSCqbil1JQAa7clRpA==}

  mapbox-gl@3.20.0:
    resolution: {integrity: sha512-+rVQkf6ymUlAEJiQBZy0OiamJvQN4Uk15mRHI98PRUSmRS40GOoLJyEZEG39LEUtvmzc7qGh+4ygZfJ//O5VnQ==}

  martinez-polygon-clipping@0.8.1:
    resolution: {integrity: sha512-9PLLMzMPI6ihHox4Ns6LpVBLpRc7sbhULybZ/wyaY8sY3ECNe2+hxm1hA2/9bEEpRrdpjoeduBuZLg2aq1cSIQ==}

  murmurhash-js@1.0.0:
    resolution: {integrity: sha512-TvmkNhkv8yct0SVBSy+o8wYzXjE4Zz3PCesbfs8HiCXXdcTuocApFv11UWlNFWKYsP2okqrhb7JNlSm9InBhIw==}

  pbf@4.0.1:
    resolution: {integrity: sha512-SuLdBvS42z33m8ejRbInMapQe8n0D3vN/Xd5fmWM3tufNgRQFBpaW2YVJxQZV4iPNqb0vEFvssMEo5w9c6BTIA==}
    hasBin: true

  potpack@2.1.0:
    resolution: {integrity: sha512-pcaShQc1Shq0y+E7GqJqvZj8DTthWV1KeHGdi0Z6IAin2Oi3JnLCOfwnCo84qc+HAp52wT9nK9H7FAJp5a44GQ==}

  protocol-buffers-schema@3.6.0:
    resolution: {integrity: sha512-TdDRD+/QNdrCGCE7v8340QyuXd4kIWIgapsE2+n/SaGiSSbomYl4TjHlvIoCWRpE7wFt02EpB35VVA2ImcBVqw==}

  quickselect@3.0.0:
    resolution: {integrity: sha512-XdjUArbK4Bm5fLLvlm5KpTFOiOThgfWWI4axAZDWg4E/0mKdZyI9tNEfds27qCi1ze/vwTR16kvmmGhRra3c2g==}

  react-dom@19.2.4:
    resolution: {integrity: sha512-AXJdLo8kgMbimY95O2aKQqsz2iWi9jMgKJhRBAxECE4IFxfcazB2LmzloIoibJI3C12IlY20+KFaLv+71bUJeQ==}
    peerDependencies:
      react: ^19.2.4

  react@19.2.4:
    resolution: {integrity: sha512-9nfp2hYpCwOjAN+8TZFGhtWEwgvWHXqESH8qT89AT/lWklpLON22Lc8pEtnpsZz7VmawabSU0gCjnj8aC0euHQ==}
    engines: {node: '>=0.10.0'}

  resolve-protobuf-schema@2.1.0:
    resolution: {integrity: sha512-kI5ffTiZWmJaS/huM8wZfEMer1eRd7oJQhDuxeCLe3t7N7mX3z94CN0xPxBQxFYQTSNz9T0i+v6inKqSdK8xrQ==}

  robust-predicates@2.0.4:
    resolution: {integrity: sha512-l4NwboJM74Ilm4VKfbAtFeGq7aEjWL+5kVFcmgFA2MrdnQWx9iE/tUGvxY5HyMI7o/WpSIUFLbC5fbeaHgSCYg==}

  scheduler@0.27.0:
    resolution: {integrity: sha512-eNv+WrVbKu1f3vbYJT/xtiF5syA5HPIMtf9IgY/nKg0sWqzAUEvqY/xm7OcZc/qafLx/iO9FgOmeSAp4v5ti/Q==}

  sonner@2.0.7:
    resolution: {integrity: sha512-W6ZN4p58k8aDKA4XPcx2hpIQXBRAgyiWVkYhT7CvK6D3iAu7xjvVyhQHg2/iaKJZ1XVJ4r7XuwGL+WGEK37i9w==}
    peerDependencies:
      react: ^18.0.0 || ^19.0.0 || ^19.0.0-rc
      react-dom: ^18.0.0 || ^19.0.0 || ^19.0.0-rc

  splaytree@0.1.4:
    resolution: {integrity: sha512-D50hKrjZgBzqD3FT2Ek53f2dcDLAQT8SSGrzj3vidNH5ISRgceeGVJ2dQIthKOuayqFXfFjXheHNo4bbt9LhRQ==}

  supercluster@8.0.1:
    resolution: {integrity: sha512-IiOea5kJ9iqzD2t7QJq/cREyLHTtSmUT6gQsweojg9WH2sYJqZK9SswTu6jrscO6D1G5v5vYZ9ru/eq85lXeZQ==}

  tinyqueue@3.0.0:
    resolution: {integrity: sha512-gRa9gwYU3ECmQYv3lslts5hxuIa90veaEcxDYuu3QGOIAEM2mOZkVHp48ANJuu1CURtRdHKUBY5Lm1tHV+sD4g==}

snapshots:

  '@mapbox/jsonlint-lines-primitives@2.0.2': {}

  '@mapbox/mapbox-gl-supported@3.0.0': {}

  '@mapbox/point-geometry@1.1.0': {}

  '@mapbox/tiny-sdf@2.0.7': {}

  '@mapbox/unitbezier@0.0.1': {}

  '@mapbox/vector-tile@2.0.4':
    dependencies:
      '@mapbox/point-geometry': 1.1.0
      '@types/geojson': 7946.0.16
      pbf: 4.0.1

  '@types/geojson-vt@3.2.5':
    dependencies:
      '@types/geojson': 7946.0.16

  '@types/geojson@7946.0.16': {}

  '@types/pbf@3.0.5': {}

  '@types/supercluster@7.1.3':
    dependencies:
      '@types/geojson': 7946.0.16

  cheap-ruler@4.0.0: {}

  csscolorparser@1.0.3: {}

  earcut@3.0.2: {}

  geojson-vt@4.0.2: {}

  gl-matrix@3.4.4: {}

  grid-index@1.1.0: {}

  kdbush@4.0.2: {}

  mapbox-gl@3.20.0:
    dependencies:
      '@mapbox/jsonlint-lines-primitives': 2.0.2
      '@mapbox/mapbox-gl-supported': 3.0.0
      '@mapbox/point-geometry': 1.1.0
      '@mapbox/tiny-sdf': 2.0.7
      '@mapbox/unitbezier': 0.0.1
      '@mapbox/vector-tile': 2.0.4
      '@types/geojson': 7946.0.16
      '@types/geojson-vt': 3.2.5
      '@types/pbf': 3.0.5
      '@types/supercluster': 7.1.3
      cheap-ruler: 4.0.0
      csscolorparser: 1.0.3
      earcut: 3.0.2
      geojson-vt: 4.0.2
      gl-matrix: 3.4.4
      grid-index: 1.1.0
      kdbush: 4.0.2
      martinez-polygon-clipping: 0.8.1
      murmurhash-js: 1.0.0
      pbf: 4.0.1
      potpack: 2.1.0
      quickselect: 3.0.0
      supercluster: 8.0.1
      tinyqueue: 3.0.0

  martinez-polygon-clipping@0.8.1:
    dependencies:
      robust-predicates: 2.0.4
      splaytree: 0.1.4
      tinyqueue: 3.0.0

  murmurhash-js@1.0.0: {}

  pbf@4.0.1:
    dependencies:
      resolve-protobuf-schema: 2.1.0

  potpack@2.1.0: {}

  protocol-buffers-schema@3.6.0: {}

  quickselect@3.0.0: {}

  react-dom@19.2.4(react@19.2.4):
    dependencies:
      react: 19.2.4
      scheduler: 0.27.0

  react@19.2.4: {}

  resolve-protobuf-schema@2.1.0:
    dependencies:
      protocol-buffers-schema: 3.6.0

  robust-predicates@2.0.4: {}

  scheduler@0.27.0: {}

  sonner@2.0.7(react-dom@19.2.4(react@19.2.4))(react@19.2.4):
    dependencies:
      react: 19.2.4
      react-dom: 19.2.4(react@19.2.4)

  splaytree@0.1.4: {}

  supercluster@8.0.1:
    dependencies:
      kdbush: 4.0.2

  tinyqueue@3.0.0: {}
